// !$*UTF8*$!
{
	archiveVersion = 1;
	classes = {
	};
	objectVersion = 46;
	objects = {

/* Begin PBXBuildFile section */
		5E7C31C93C88B13011AF9477 /* Pods_CornerJudgeTrainer.framework in Frameworks */ = {isa = PBXBuildFile; fileRef = 7CA5BA7BF42C1FFC5A5DAEF3 /* Pods_CornerJudgeTrainer.framework */; };
		A4A478E11FDF5FF3005EFB94 /* StatusUpdate.swift in Sources */ = {isa = PBXBuildFile; fileRef = A4A478E01FDF5FF3005EFB94 /* StatusUpdate.swift */; };
		A4A478E51FDF6480005EFB94 /* StatusUpdateTests.swift in Sources */ = {isa = PBXBuildFile; fileRef = A4A478E41FDF6480005EFB94 /* StatusUpdateTests.swift */; };
		A4A478E61FDF65D2005EFB94 /* StatusUpdate.swift in Sources */ = {isa = PBXBuildFile; fileRef = A4A478E01FDF5FF3005EFB94 /* StatusUpdate.swift */; };
		A4A478E71FDF6634005EFB94 /* Player.swift in Sources */ = {isa = PBXBuildFile; fileRef = A5A789ED1D6E791F0088D983 /* Player.swift */; };
		A4BDE3D31FDC182B00297F7A /* ScoringEvent.swift in Sources */ = {isa = PBXBuildFile; fileRef = A4BDE3D21FDC182B00297F7A /* ScoringEvent.swift */; };
		A4BDE3D71FDC18DF00297F7A /* ControlEvent.swift in Sources */ = {isa = PBXBuildFile; fileRef = A4BDE3D61FDC18DF00297F7A /* ControlEvent.swift */; };
		A51648FC1E67A50C00CE2CD4 /* Match+Extensions.swift in Sources */ = {isa = PBXBuildFile; fileRef = A51648FB1E67A50C00CE2CD4 /* Match+Extensions.swift */; };
		A534B7C21D4BDF6500DBCCBE /* MatchViewController.swift in Sources */ = {isa = PBXBuildFile; fileRef = A534B7C11D4BDF6500DBCCBE /* MatchViewController.swift */; };
		A534B7C51D4BDF7500DBCCBE /* MatchViewModel.swift in Sources */ = {isa = PBXBuildFile; fileRef = A534B7C41D4BDF7500DBCCBE /* MatchViewModel.swift */; };
		A534B7C71D4BDF8400DBCCBE /* NewMatchViewController.swift in Sources */ = {isa = PBXBuildFile; fileRef = A534B7C61D4BDF8400DBCCBE /* NewMatchViewController.swift */; };
		A534B7C91D4BE35C00DBCCBE /* NSDate+Extensions.swift in Sources */ = {isa = PBXBuildFile; fileRef = A534B7C81D4BE35C00DBCCBE /* NSDate+Extensions.swift */; };
		A53C13B01D96E8BC00F3A519 /* Rx+Extensions.swift in Sources */ = {isa = PBXBuildFile; fileRef = A53C13AF1D96E8BC00F3A519 /* Rx+Extensions.swift */; };
		A55C385D1E49414F007BA949 /* APIClient.swift in Sources */ = {isa = PBXBuildFile; fileRef = A55C385C1E49414F007BA949 /* APIClient.swift */; };
		A55C38601E4941EB007BA949 /* Request.swift in Sources */ = {isa = PBXBuildFile; fileRef = A55C385F1E4941EB007BA949 /* Request.swift */; };
		A56C1F0B1E6649610093934B /* MatchManager.swift in Sources */ = {isa = PBXBuildFile; fileRef = A56C1F081E6649610093934B /* MatchManager.swift */; };
		A56C1F0C1E6649610093934B /* RemoteMatchManager.swift in Sources */ = {isa = PBXBuildFile; fileRef = A56C1F091E6649610093934B /* RemoteMatchManager.swift */; };
		A56C1F0D1E6649610093934B /* LocalMatchManager.swift in Sources */ = {isa = PBXBuildFile; fileRef = A56C1F0A1E6649610093934B /* LocalMatchManager.swift */; };
		A570D7031E5BBEDC00393563 /* NewMatchViewController.xib in Resources */ = {isa = PBXBuildFile; fileRef = A570D7021E5BBEDC00393563 /* NewMatchViewController.xib */; };
		A570D7051E5BC01C00393563 /* AddPlayersViewController.xib in Resources */ = {isa = PBXBuildFile; fileRef = A570D7041E5BC01C00393563 /* AddPlayersViewController.xib */; };
		A570D7071E5BC69E00393563 /* MatchViewController.xib in Resources */ = {isa = PBXBuildFile; fileRef = A570D7061E5BC69E00393563 /* MatchViewController.xib */; };
		A570D7091E5BCB7300393563 /* JoinMatchViewController.xib in Resources */ = {isa = PBXBuildFile; fileRef = A570D7081E5BCB7300393563 /* JoinMatchViewController.xib */; };
		A570D70B1E5BCC8B00393563 /* Reusable.swift in Sources */ = {isa = PBXBuildFile; fileRef = A570D70A1E5BCC8B00393563 /* Reusable.swift */; };
		A570D70D1E5BCEB800393563 /* JoinMatchTableViewCell.xib in Resources */ = {isa = PBXBuildFile; fileRef = A570D70C1E5BCEB800393563 /* JoinMatchTableViewCell.xib */; };
		A570D70F1E5BD24A00393563 /* Match.swift in Sources */ = {isa = PBXBuildFile; fileRef = A570D70E1E5BD24A00393563 /* Match.swift */; };
		A571983C1E8EE6EF00F19197 /* PenaltiesView.swift in Sources */ = {isa = PBXBuildFile; fileRef = A571983B1E8EE6EF00F19197 /* PenaltiesView.swift */; };
		A58DDE921DE288CF00853604 /* JoinMatchViewController.swift in Sources */ = {isa = PBXBuildFile; fileRef = A58DDE911DE288CF00853604 /* JoinMatchViewController.swift */; };
		A58DDE941DE2891800853604 /* JoinMatchViewModel.swift in Sources */ = {isa = PBXBuildFile; fileRef = A58DDE931DE2891800853604 /* JoinMatchViewModel.swift */; };
		A59EF7DE1E7323FB00A1E20E /* UINavigationController+Extensions.swift in Sources */ = {isa = PBXBuildFile; fileRef = A59EF7DD1E7323FB00A1E20E /* UINavigationController+Extensions.swift */; };
		A5A789EE1D6E791F0088D983 /* Player.swift in Sources */ = {isa = PBXBuildFile; fileRef = A5A789ED1D6E791F0088D983 /* Player.swift */; };
		A5A789F01D6E79390088D983 /* Event.swift in Sources */ = {isa = PBXBuildFile; fileRef = A5A789EF1D6E79390088D983 /* Event.swift */; };
		A5A789F41D70B1080088D983 /* AddPlayersViewController.swift in Sources */ = {isa = PBXBuildFile; fileRef = A5A789F31D70B1080088D983 /* AddPlayersViewController.swift */; };
		A5A789FD1D70CDAD0088D983 /* DroidSans-Bold.ttf in Resources */ = {isa = PBXBuildFile; fileRef = A5A789FB1D70CDAD0088D983 /* DroidSans-Bold.ttf */; };
		A5A789FE1D70CDAD0088D983 /* DroidSans.ttf in Resources */ = {isa = PBXBuildFile; fileRef = A5A789FC1D70CDAD0088D983 /* DroidSans.ttf */; };
		A5A78A031D70D13E0088D983 /* UIColor+Theme.swift in Sources */ = {isa = PBXBuildFile; fileRef = A5A78A021D70D13E0088D983 /* UIColor+Theme.swift */; };
		A5A78A051D70E1030088D983 /* RoundedButton.swift in Sources */ = {isa = PBXBuildFile; fileRef = A5A78A041D70E1030088D983 /* RoundedButton.swift */; };
		A5A78A081D7238520088D983 /* RadioButton.swift in Sources */ = {isa = PBXBuildFile; fileRef = A5A78A071D7238520088D983 /* RadioButton.swift */; };
		A5A78A0A1D726AFF0088D983 /* NewMatchViewModel.swift in Sources */ = {isa = PBXBuildFile; fileRef = A5A78A091D726AFF0088D983 /* NewMatchViewModel.swift */; };
		A5AA9D4E1D4BCE0200B51652 /* AppDelegate.swift in Sources */ = {isa = PBXBuildFile; fileRef = A5AA9D4D1D4BCE0200B51652 /* AppDelegate.swift */; };
		A5AA9D551D4BCE0200B51652 /* Assets.xcassets in Resources */ = {isa = PBXBuildFile; fileRef = A5AA9D541D4BCE0200B51652 /* Assets.xcassets */; };
		A5AA9D581D4BCE0200B51652 /* LaunchScreen.storyboard in Resources */ = {isa = PBXBuildFile; fileRef = A5AA9D561D4BCE0200B51652 /* LaunchScreen.storyboard */; };
		A5AA9D631D4BCE0300B51652 /* Corner_Judge_TrainerTests.swift in Sources */ = {isa = PBXBuildFile; fileRef = A5AA9D621D4BCE0300B51652 /* Corner_Judge_TrainerTests.swift */; };
		A5AA9D6E1D4BCE0300B51652 /* Corner_Judge_TrainerUITests.swift in Sources */ = {isa = PBXBuildFile; fileRef = A5AA9D6D1D4BCE0300B51652 /* Corner_Judge_TrainerUITests.swift */; };
		A5DFDBA71DE29CD5006BED7E /* JoinMatchTableViewCell.swift in Sources */ = {isa = PBXBuildFile; fileRef = A5DFDBA61DE29CD5006BED7E /* JoinMatchTableViewCell.swift */; };
		A5DFDBAA1DE29D90006BED7E /* JoinMatchTableViewCellViewModel.swift in Sources */ = {isa = PBXBuildFile; fileRef = A5DFDBA91DE29D90006BED7E /* JoinMatchTableViewCellViewModel.swift */; };
/* End PBXBuildFile section */

/* Begin PBXContainerItemProxy section */
		A5AA9D5F1D4BCE0300B51652 /* PBXContainerItemProxy */ = {
			isa = PBXContainerItemProxy;
			containerPortal = A5AA9D421D4BCE0200B51652 /* Project object */;
			proxyType = 1;
			remoteGlobalIDString = A5AA9D491D4BCE0200B51652;
			remoteInfo = "Corner Judge Trainer";
		};
		A5AA9D6A1D4BCE0300B51652 /* PBXContainerItemProxy */ = {
			isa = PBXContainerItemProxy;
			containerPortal = A5AA9D421D4BCE0200B51652 /* Project object */;
			proxyType = 1;
			remoteGlobalIDString = A5AA9D491D4BCE0200B51652;
			remoteInfo = "Corner Judge Trainer";
		};
/* End PBXContainerItemProxy section */

/* Begin PBXFileReference section */
		7CA5BA7BF42C1FFC5A5DAEF3 /* Pods_CornerJudgeTrainer.framework */ = {isa = PBXFileReference; explicitFileType = wrapper.framework; includeInIndex = 0; path = Pods_CornerJudgeTrainer.framework; sourceTree = BUILT_PRODUCTS_DIR; };
		A4A478E01FDF5FF3005EFB94 /* StatusUpdate.swift */ = {isa = PBXFileReference; lastKnownFileType = sourcecode.swift; name = StatusUpdate.swift; path = Models/StatusUpdate.swift; sourceTree = "<group>"; };
		A4A478E41FDF6480005EFB94 /* StatusUpdateTests.swift */ = {isa = PBXFileReference; lastKnownFileType = sourcecode.swift; path = StatusUpdateTests.swift; sourceTree = "<group>"; };
		A4BDE3D21FDC182B00297F7A /* ScoringEvent.swift */ = {isa = PBXFileReference; lastKnownFileType = sourcecode.swift; name = ScoringEvent.swift; path = Models/Event/ScoringEvent.swift; sourceTree = "<group>"; };
		A4BDE3D61FDC18DF00297F7A /* ControlEvent.swift */ = {isa = PBXFileReference; lastKnownFileType = sourcecode.swift; name = ControlEvent.swift; path = Models/Event/ControlEvent.swift; sourceTree = "<group>"; };
		A51648FB1E67A50C00CE2CD4 /* Match+Extensions.swift */ = {isa = PBXFileReference; fileEncoding = 4; lastKnownFileType = sourcecode.swift; name = "Match+Extensions.swift"; path = "Extensions/Match+Extensions.swift"; sourceTree = "<group>"; };
		A534B7C11D4BDF6500DBCCBE /* MatchViewController.swift */ = {isa = PBXFileReference; fileEncoding = 4; lastKnownFileType = sourcecode.swift; name = MatchViewController.swift; path = Judging/MatchViewController.swift; sourceTree = "<group>"; };
		A534B7C41D4BDF7500DBCCBE /* MatchViewModel.swift */ = {isa = PBXFileReference; fileEncoding = 4; lastKnownFileType = sourcecode.swift; path = MatchViewModel.swift; sourceTree = "<group>"; };
		A534B7C61D4BDF8400DBCCBE /* NewMatchViewController.swift */ = {isa = PBXFileReference; fileEncoding = 4; lastKnownFileType = sourcecode.swift; name = NewMatchViewController.swift; path = "New Match/NewMatchViewController.swift"; sourceTree = "<group>"; };
		A534B7C81D4BE35C00DBCCBE /* NSDate+Extensions.swift */ = {isa = PBXFileReference; fileEncoding = 4; lastKnownFileType = sourcecode.swift; name = "NSDate+Extensions.swift"; path = "Extensions/NSDate+Extensions.swift"; sourceTree = "<group>"; };
		A53C13AF1D96E8BC00F3A519 /* Rx+Extensions.swift */ = {isa = PBXFileReference; fileEncoding = 4; lastKnownFileType = sourcecode.swift; name = "Rx+Extensions.swift"; path = "Extensions/Rx+Extensions.swift"; sourceTree = "<group>"; };
		A55C385C1E49414F007BA949 /* APIClient.swift */ = {isa = PBXFileReference; fileEncoding = 4; lastKnownFileType = sourcecode.swift; name = APIClient.swift; path = Networking/APIClient.swift; sourceTree = "<group>"; };
		A55C385F1E4941EB007BA949 /* Request.swift */ = {isa = PBXFileReference; fileEncoding = 4; lastKnownFileType = sourcecode.swift; name = Request.swift; path = Networking/Request.swift; sourceTree = "<group>"; };
		A56C1F081E6649610093934B /* MatchManager.swift */ = {isa = PBXFileReference; fileEncoding = 4; lastKnownFileType = sourcecode.swift; name = MatchManager.swift; path = Managers/MatchManager.swift; sourceTree = "<group>"; };
		A56C1F091E6649610093934B /* RemoteMatchManager.swift */ = {isa = PBXFileReference; fileEncoding = 4; lastKnownFileType = sourcecode.swift; name = RemoteMatchManager.swift; path = Managers/RemoteMatchManager.swift; sourceTree = "<group>"; };
		A56C1F0A1E6649610093934B /* LocalMatchManager.swift */ = {isa = PBXFileReference; fileEncoding = 4; lastKnownFileType = sourcecode.swift; name = LocalMatchManager.swift; path = Managers/LocalMatchManager.swift; sourceTree = "<group>"; };
		A570D7021E5BBEDC00393563 /* NewMatchViewController.xib */ = {isa = PBXFileReference; fileEncoding = 4; lastKnownFileType = file.xib; name = NewMatchViewController.xib; path = "New Match/NewMatchViewController.xib"; sourceTree = "<group>"; };
		A570D7041E5BC01C00393563 /* AddPlayersViewController.xib */ = {isa = PBXFileReference; fileEncoding = 4; lastKnownFileType = file.xib; name = AddPlayersViewController.xib; path = "New Match/AddPlayersViewController.xib"; sourceTree = "<group>"; };
		A570D7061E5BC69E00393563 /* MatchViewController.xib */ = {isa = PBXFileReference; fileEncoding = 4; lastKnownFileType = file.xib; name = MatchViewController.xib; path = Judging/MatchViewController.xib; sourceTree = "<group>"; };
		A570D7081E5BCB7300393563 /* JoinMatchViewController.xib */ = {isa = PBXFileReference; fileEncoding = 4; lastKnownFileType = file.xib; name = JoinMatchViewController.xib; path = "Join Match/JoinMatchViewController.xib"; sourceTree = "<group>"; };
		A570D70A1E5BCC8B00393563 /* Reusable.swift */ = {isa = PBXFileReference; fileEncoding = 4; lastKnownFileType = sourcecode.swift; path = Reusable.swift; sourceTree = "<group>"; };
		A570D70C1E5BCEB800393563 /* JoinMatchTableViewCell.xib */ = {isa = PBXFileReference; fileEncoding = 4; lastKnownFileType = file.xib; name = JoinMatchTableViewCell.xib; path = "Join Match/JoinMatchTableViewCell.xib"; sourceTree = "<group>"; };
		A570D70E1E5BD24A00393563 /* Match.swift */ = {isa = PBXFileReference; fileEncoding = 4; lastKnownFileType = sourcecode.swift; name = Match.swift; path = Models/Match.swift; sourceTree = "<group>"; };
		A571983B1E8EE6EF00F19197 /* PenaltiesView.swift */ = {isa = PBXFileReference; fileEncoding = 4; lastKnownFileType = sourcecode.swift; name = PenaltiesView.swift; path = Views/PenaltiesView.swift; sourceTree = "<group>"; };
		A58DDE911DE288CF00853604 /* JoinMatchViewController.swift */ = {isa = PBXFileReference; fileEncoding = 4; lastKnownFileType = sourcecode.swift; name = JoinMatchViewController.swift; path = "Join Match/JoinMatchViewController.swift"; sourceTree = "<group>"; };
		A58DDE931DE2891800853604 /* JoinMatchViewModel.swift */ = {isa = PBXFileReference; fileEncoding = 4; lastKnownFileType = sourcecode.swift; name = JoinMatchViewModel.swift; path = "Join Match/JoinMatchViewModel.swift"; sourceTree = "<group>"; };
		A59EF7DD1E7323FB00A1E20E /* UINavigationController+Extensions.swift */ = {isa = PBXFileReference; fileEncoding = 4; lastKnownFileType = sourcecode.swift; name = "UINavigationController+Extensions.swift"; path = "Extensions/UINavigationController+Extensions.swift"; sourceTree = "<group>"; };
		A5A789ED1D6E791F0088D983 /* Player.swift */ = {isa = PBXFileReference; fileEncoding = 4; lastKnownFileType = sourcecode.swift; name = Player.swift; path = Models/Player.swift; sourceTree = "<group>"; };
		A5A789EF1D6E79390088D983 /* Event.swift */ = {isa = PBXFileReference; fileEncoding = 4; lastKnownFileType = sourcecode.swift; name = Event.swift; path = Models/Event/Event.swift; sourceTree = "<group>"; };
		A5A789F31D70B1080088D983 /* AddPlayersViewController.swift */ = {isa = PBXFileReference; fileEncoding = 4; lastKnownFileType = sourcecode.swift; name = AddPlayersViewController.swift; path = "New Match/AddPlayersViewController.swift"; sourceTree = "<group>"; };
		A5A789FB1D70CDAD0088D983 /* DroidSans-Bold.ttf */ = {isa = PBXFileReference; lastKnownFileType = file; name = "DroidSans-Bold.ttf"; path = "Resources/Fonts/DroidSans-Bold.ttf"; sourceTree = "<group>"; };
		A5A789FC1D70CDAD0088D983 /* DroidSans.ttf */ = {isa = PBXFileReference; lastKnownFileType = file; name = DroidSans.ttf; path = Resources/Fonts/DroidSans.ttf; sourceTree = "<group>"; };
		A5A78A021D70D13E0088D983 /* UIColor+Theme.swift */ = {isa = PBXFileReference; fileEncoding = 4; lastKnownFileType = sourcecode.swift; name = "UIColor+Theme.swift"; path = "Extensions/UIColor+Theme.swift"; sourceTree = "<group>"; };
		A5A78A041D70E1030088D983 /* RoundedButton.swift */ = {isa = PBXFileReference; fileEncoding = 4; lastKnownFileType = sourcecode.swift; name = RoundedButton.swift; path = Views/RoundedButton.swift; sourceTree = "<group>"; };
		A5A78A071D7238520088D983 /* RadioButton.swift */ = {isa = PBXFileReference; fileEncoding = 4; lastKnownFileType = sourcecode.swift; name = RadioButton.swift; path = Views/RadioButton.swift; sourceTree = "<group>"; };
		A5A78A091D726AFF0088D983 /* NewMatchViewModel.swift */ = {isa = PBXFileReference; fileEncoding = 4; lastKnownFileType = sourcecode.swift; name = NewMatchViewModel.swift; path = "New Match/ViewModels/NewMatchViewModel.swift"; sourceTree = "<group>"; };
		A5AA9D4A1D4BCE0200B51652 /* Corner.app */ = {isa = PBXFileReference; explicitFileType = wrapper.application; includeInIndex = 0; path = Corner.app; sourceTree = BUILT_PRODUCTS_DIR; };
		A5AA9D4D1D4BCE0200B51652 /* AppDelegate.swift */ = {isa = PBXFileReference; lastKnownFileType = sourcecode.swift; path = AppDelegate.swift; sourceTree = "<group>"; };
		A5AA9D541D4BCE0200B51652 /* Assets.xcassets */ = {isa = PBXFileReference; lastKnownFileType = folder.assetcatalog; path = Assets.xcassets; sourceTree = "<group>"; };
		A5AA9D571D4BCE0200B51652 /* Base */ = {isa = PBXFileReference; lastKnownFileType = file.storyboard; name = Base; path = Base.lproj/LaunchScreen.storyboard; sourceTree = "<group>"; };
		A5AA9D591D4BCE0200B51652 /* Info.plist */ = {isa = PBXFileReference; lastKnownFileType = text.plist.xml; path = Info.plist; sourceTree = "<group>"; };
		A5AA9D5E1D4BCE0300B51652 /* CornerJudgeTrainer.xctest */ = {isa = PBXFileReference; explicitFileType = wrapper.cfbundle; includeInIndex = 0; path = CornerJudgeTrainer.xctest; sourceTree = BUILT_PRODUCTS_DIR; };
		A5AA9D621D4BCE0300B51652 /* Corner_Judge_TrainerTests.swift */ = {isa = PBXFileReference; lastKnownFileType = sourcecode.swift; path = Corner_Judge_TrainerTests.swift; sourceTree = "<group>"; };
		A5AA9D641D4BCE0300B51652 /* Info.plist */ = {isa = PBXFileReference; lastKnownFileType = text.plist.xml; path = Info.plist; sourceTree = "<group>"; };
		A5AA9D691D4BCE0300B51652 /* CornerJudgeTrainer.xctest */ = {isa = PBXFileReference; explicitFileType = wrapper.cfbundle; includeInIndex = 0; path = CornerJudgeTrainer.xctest; sourceTree = BUILT_PRODUCTS_DIR; };
		A5AA9D6D1D4BCE0300B51652 /* Corner_Judge_TrainerUITests.swift */ = {isa = PBXFileReference; lastKnownFileType = sourcecode.swift; path = Corner_Judge_TrainerUITests.swift; sourceTree = "<group>"; };
		A5AA9D6F1D4BCE0300B51652 /* Info.plist */ = {isa = PBXFileReference; lastKnownFileType = text.plist.xml; path = Info.plist; sourceTree = "<group>"; };
		A5DFDBA61DE29CD5006BED7E /* JoinMatchTableViewCell.swift */ = {isa = PBXFileReference; fileEncoding = 4; lastKnownFileType = sourcecode.swift; name = JoinMatchTableViewCell.swift; path = "Join Match/JoinMatchTableViewCell.swift"; sourceTree = "<group>"; };
		A5DFDBA91DE29D90006BED7E /* JoinMatchTableViewCellViewModel.swift */ = {isa = PBXFileReference; fileEncoding = 4; lastKnownFileType = sourcecode.swift; name = JoinMatchTableViewCellViewModel.swift; path = "Join Match/JoinMatchTableViewCellViewModel.swift"; sourceTree = "<group>"; };
		AC35276D214616801430A862 /* Pods-CornerJudgeTrainer.debug.xcconfig */ = {isa = PBXFileReference; includeInIndex = 1; lastKnownFileType = text.xcconfig; name = "Pods-CornerJudgeTrainer.debug.xcconfig"; path = "Pods/Target Support Files/Pods-CornerJudgeTrainer/Pods-CornerJudgeTrainer.debug.xcconfig"; sourceTree = "<group>"; };
		B131864CCC90BBDFB4D6461C /* Pods-CornerJudgeTrainer.release.xcconfig */ = {isa = PBXFileReference; includeInIndex = 1; lastKnownFileType = text.xcconfig; name = "Pods-CornerJudgeTrainer.release.xcconfig"; path = "Pods/Target Support Files/Pods-CornerJudgeTrainer/Pods-CornerJudgeTrainer.release.xcconfig"; sourceTree = "<group>"; };
/* End PBXFileReference section */

/* Begin PBXFrameworksBuildPhase section */
		A5AA9D471D4BCE0200B51652 /* Frameworks */ = {
			isa = PBXFrameworksBuildPhase;
			buildActionMask = 2147483647;
			files = (
				5E7C31C93C88B13011AF9477 /* Pods_CornerJudgeTrainer.framework in Frameworks */,
			);
			runOnlyForDeploymentPostprocessing = 0;
		};
		A5AA9D5B1D4BCE0300B51652 /* Frameworks */ = {
			isa = PBXFrameworksBuildPhase;
			buildActionMask = 2147483647;
			files = (
			);
			runOnlyForDeploymentPostprocessing = 0;
		};
		A5AA9D661D4BCE0300B51652 /* Frameworks */ = {
			isa = PBXFrameworksBuildPhase;
			buildActionMask = 2147483647;
			files = (
			);
			runOnlyForDeploymentPostprocessing = 0;
		};
/* End PBXFrameworksBuildPhase section */

/* Begin PBXGroup section */
		2C6C152E0A681FB89AFD461E /* Pods */ = {
			isa = PBXGroup;
			children = (
				AC35276D214616801430A862 /* Pods-CornerJudgeTrainer.debug.xcconfig */,
				B131864CCC90BBDFB4D6461C /* Pods-CornerJudgeTrainer.release.xcconfig */,
			);
			name = Pods;
			sourceTree = "<group>";
		};
		4AD85C7FB9CB95FA62717D21 /* Frameworks */ = {
			isa = PBXGroup;
			children = (
				7CA5BA7BF42C1FFC5A5DAEF3 /* Pods_CornerJudgeTrainer.framework */,
			);
			name = Frameworks;
			sourceTree = "<group>";
		};
		A4BDE3D51FDC184200297F7A /* Event */ = {
			isa = PBXGroup;
			children = (
				A5A789EF1D6E79390088D983 /* Event.swift */,
				A4BDE3D21FDC182B00297F7A /* ScoringEvent.swift */,
				A4BDE3D61FDC18DF00297F7A /* ControlEvent.swift */,
			);
			name = Event;
			sourceTree = "<group>";
		};
		A534B7C31D4BDF7500DBCCBE /* ViewModels */ = {
			isa = PBXGroup;
			children = (
				A534B7C41D4BDF7500DBCCBE /* MatchViewModel.swift */,
			);
			name = ViewModels;
			path = Judging/ViewModels;
			sourceTree = "<group>";
		};
		A534B7CA1D4BE35F00DBCCBE /* Extensions */ = {
			isa = PBXGroup;
			children = (
				A570D70A1E5BCC8B00393563 /* Reusable.swift */,
				A51648FB1E67A50C00CE2CD4 /* Match+Extensions.swift */,
				A534B7C81D4BE35C00DBCCBE /* NSDate+Extensions.swift */,
				A53C13AF1D96E8BC00F3A519 /* Rx+Extensions.swift */,
				A5A78A021D70D13E0088D983 /* UIColor+Theme.swift */,
				A59EF7DD1E7323FB00A1E20E /* UINavigationController+Extensions.swift */,
			);
			name = Extensions;
			sourceTree = "<group>";
		};
		A534B7CD1D4BE44600DBCCBE /* Models */ = {
			isa = PBXGroup;
			children = (
				A570D70E1E5BD24A00393563 /* Match.swift */,
				A5A789ED1D6E791F0088D983 /* Player.swift */,
				A4BDE3D51FDC184200297F7A /* Event */,
				A4A478E01FDF5FF3005EFB94 /* StatusUpdate.swift */,
			);
			name = Models;
			sourceTree = "<group>";
		};
		A55C385E1E494154007BA949 /* Networking */ = {
			isa = PBXGroup;
			children = (
				A55C385C1E49414F007BA949 /* APIClient.swift */,
				A55C385F1E4941EB007BA949 /* Request.swift */,
			);
			name = Networking;
			sourceTree = "<group>";
		};
		A56C1F0E1E6649640093934B /* Managers */ = {
			isa = PBXGroup;
			children = (
				A56C1F081E6649610093934B /* MatchManager.swift */,
				A56C1F0A1E6649610093934B /* LocalMatchManager.swift */,
				A56C1F091E6649610093934B /* RemoteMatchManager.swift */,
			);
			name = Managers;
			sourceTree = "<group>";
		};
		A571983F1E8EE70400F19197 /* Penalties View */ = {
			isa = PBXGroup;
			children = (
				A571983B1E8EE6EF00F19197 /* PenaltiesView.swift */,
			);
			name = "Penalties View";
			sourceTree = "<group>";
		};
		A58DDE901DE2889200853604 /* Join Match */ = {
			isa = PBXGroup;
			children = (
				A59EF7DF1E733B9200A1E20E /* JoinMatchTableViewCell */,
				A59EF7E01E733C0900A1E20E /* JoinMatch */,
			);
			name = "Join Match";
			sourceTree = "<group>";
		};
		A59EF7DF1E733B9200A1E20E /* JoinMatchTableViewCell */ = {
			isa = PBXGroup;
			children = (
				A5DFDBA91DE29D90006BED7E /* JoinMatchTableViewCellViewModel.swift */,
				A5DFDBA61DE29CD5006BED7E /* JoinMatchTableViewCell.swift */,
				A570D70C1E5BCEB800393563 /* JoinMatchTableViewCell.xib */,
			);
			name = JoinMatchTableViewCell;
			sourceTree = "<group>";
		};
		A59EF7E01E733C0900A1E20E /* JoinMatch */ = {
			isa = PBXGroup;
			children = (
				A58DDE931DE2891800853604 /* JoinMatchViewModel.swift */,
				A58DDE911DE288CF00853604 /* JoinMatchViewController.swift */,
				A570D7081E5BCB7300393563 /* JoinMatchViewController.xib */,
			);
			name = JoinMatch;
			sourceTree = "<group>";
		};
		A59EF7E11E733C1600A1E20E /* AddPlayers */ = {
			isa = PBXGroup;
			children = (
				A5A789F31D70B1080088D983 /* AddPlayersViewController.swift */,
				A570D7041E5BC01C00393563 /* AddPlayersViewController.xib */,
			);
			name = AddPlayers;
			sourceTree = "<group>";
		};
		A59EF7E21E733C1E00A1E20E /* NewMatch */ = {
			isa = PBXGroup;
			children = (
				A534B7C61D4BDF8400DBCCBE /* NewMatchViewController.swift */,
				A570D7021E5BBEDC00393563 /* NewMatchViewController.xib */,
			);
			name = NewMatch;
			sourceTree = "<group>";
		};
		A5A789F51D70CD640088D983 /* Resources */ = {
			isa = PBXGroup;
			children = (
				A5A789F61D70CD6F0088D983 /* Fonts */,
			);
			name = Resources;
			sourceTree = "<group>";
		};
		A5A789F61D70CD6F0088D983 /* Fonts */ = {
			isa = PBXGroup;
			children = (
				A5A789FB1D70CDAD0088D983 /* DroidSans-Bold.ttf */,
				A5A789FC1D70CDAD0088D983 /* DroidSans.ttf */,
			);
			name = Fonts;
			sourceTree = "<group>";
		};
		A5A78A061D70E1070088D983 /* Views */ = {
			isa = PBXGroup;
			children = (
				A5A78A041D70E1030088D983 /* RoundedButton.swift */,
				A5A78A071D7238520088D983 /* RadioButton.swift */,
				A571983F1E8EE70400F19197 /* Penalties View */,
			);
			name = Views;
			sourceTree = "<group>";
		};
		A5A78A0B1D726B020088D983 /* ViewModels */ = {
			isa = PBXGroup;
			children = (
				A5A78A091D726AFF0088D983 /* NewMatchViewModel.swift */,
			);
			name = ViewModels;
			sourceTree = "<group>";
		};
		A5AA9D411D4BCE0200B51652 = {
			isa = PBXGroup;
			children = (
				A5AA9D4C1D4BCE0200B51652 /* Corner Judge Trainer */,
				A5AA9D611D4BCE0300B51652 /* Corner Judge TrainerTests */,
				A5AA9D6C1D4BCE0300B51652 /* Corner Judge TrainerUITests */,
				A5AA9D4B1D4BCE0200B51652 /* Products */,
				2C6C152E0A681FB89AFD461E /* Pods */,
				4AD85C7FB9CB95FA62717D21 /* Frameworks */,
			);
			sourceTree = "<group>";
		};
		A5AA9D4B1D4BCE0200B51652 /* Products */ = {
			isa = PBXGroup;
			children = (
				A5AA9D4A1D4BCE0200B51652 /* Corner.app */,
				A5AA9D5E1D4BCE0300B51652 /* CornerJudgeTrainer.xctest */,
				A5AA9D691D4BCE0300B51652 /* CornerJudgeTrainer.xctest */,
			);
			name = Products;
			sourceTree = "<group>";
		};
		A5AA9D4C1D4BCE0200B51652 /* Corner Judge Trainer */ = {
			isa = PBXGroup;
			children = (
				A5AA9D4D1D4BCE0200B51652 /* AppDelegate.swift */,
				A534B7CA1D4BE35F00DBCCBE /* Extensions */,
				A534B7CD1D4BE44600DBCCBE /* Models */,
				A5A78A061D70E1070088D983 /* Views */,
				A56C1F0E1E6649640093934B /* Managers */,
				A58DDE901DE2889200853604 /* Join Match */,
				A5E549391D4BCF35002368D2 /* New Match */,
				A5E5493A1D4BCF3F002368D2 /* Match */,
				A5A789F51D70CD640088D983 /* Resources */,
				A55C385E1E494154007BA949 /* Networking */,
				A5AA9D541D4BCE0200B51652 /* Assets.xcassets */,
				A5AA9D561D4BCE0200B51652 /* LaunchScreen.storyboard */,
				A5AA9D591D4BCE0200B51652 /* Info.plist */,
			);
			path = "Corner Judge Trainer";
			sourceTree = "<group>";
		};
		A5AA9D611D4BCE0300B51652 /* Corner Judge TrainerTests */ = {
			isa = PBXGroup;
			children = (
				A5AA9D621D4BCE0300B51652 /* Corner_Judge_TrainerTests.swift */,
				A5AA9D641D4BCE0300B51652 /* Info.plist */,
				A4A478E41FDF6480005EFB94 /* StatusUpdateTests.swift */,
			);
			path = "Corner Judge TrainerTests";
			sourceTree = "<group>";
		};
		A5AA9D6C1D4BCE0300B51652 /* Corner Judge TrainerUITests */ = {
			isa = PBXGroup;
			children = (
				A5AA9D6D1D4BCE0300B51652 /* Corner_Judge_TrainerUITests.swift */,
				A5AA9D6F1D4BCE0300B51652 /* Info.plist */,
			);
			path = "Corner Judge TrainerUITests";
			sourceTree = "<group>";
		};
		A5E549391D4BCF35002368D2 /* New Match */ = {
			isa = PBXGroup;
			children = (
				A5A78A0B1D726B020088D983 /* ViewModels */,
				A59EF7E21E733C1E00A1E20E /* NewMatch */,
				A59EF7E11E733C1600A1E20E /* AddPlayers */,
			);
			name = "New Match";
			sourceTree = "<group>";
		};
		A5E5493A1D4BCF3F002368D2 /* Match */ = {
			isa = PBXGroup;
			children = (
				A534B7C31D4BDF7500DBCCBE /* ViewModels */,
				A534B7C11D4BDF6500DBCCBE /* MatchViewController.swift */,
				A570D7061E5BC69E00393563 /* MatchViewController.xib */,
			);
			name = Match;
			sourceTree = "<group>";
		};
/* End PBXGroup section */

/* Begin PBXNativeTarget section */
		A5AA9D491D4BCE0200B51652 /* CornerJudgeTrainer */ = {
			isa = PBXNativeTarget;
			buildConfigurationList = A5AA9D721D4BCE0300B51652 /* Build configuration list for PBXNativeTarget "CornerJudgeTrainer" */;
			buildPhases = (
				9B7D68598C0B7A4DAA810F5B /* [CP] Check Pods Manifest.lock */,
				A5AA9D461D4BCE0200B51652 /* Sources */,
				A5AA9D471D4BCE0200B51652 /* Frameworks */,
				A5AA9D481D4BCE0200B51652 /* Resources */,
				A59E028D10DA766A6DF9BE25 /* [CP] Embed Pods Frameworks */,
				A57EE62EEC842DA1A15F4F67 /* [CP] Copy Pods Resources */,
				A58F6A4E1ECF6D6800DBC76F /* Swiftlint */,
			);
			buildRules = (
			);
			dependencies = (
			);
			name = CornerJudgeTrainer;
			productName = "Corner Judge Trainer";
			productReference = A5AA9D4A1D4BCE0200B51652 /* Corner.app */;
			productType = "com.apple.product-type.application";
		};
		A5AA9D5D1D4BCE0300B51652 /* CornerJudgeTrainerTests */ = {
			isa = PBXNativeTarget;
			buildConfigurationList = A5AA9D751D4BCE0300B51652 /* Build configuration list for PBXNativeTarget "CornerJudgeTrainerTests" */;
			buildPhases = (
				A5AA9D5A1D4BCE0300B51652 /* Sources */,
				A5AA9D5B1D4BCE0300B51652 /* Frameworks */,
				A5AA9D5C1D4BCE0300B51652 /* Resources */,
			);
			buildRules = (
			);
			dependencies = (
				A5AA9D601D4BCE0300B51652 /* PBXTargetDependency */,
			);
			name = CornerJudgeTrainerTests;
			productName = "Corner Judge TrainerTests";
			productReference = A5AA9D5E1D4BCE0300B51652 /* CornerJudgeTrainer.xctest */;
			productType = "com.apple.product-type.bundle.unit-test";
		};
		A5AA9D681D4BCE0300B51652 /* CornerJudgeTrainerUITests */ = {
			isa = PBXNativeTarget;
			buildConfigurationList = A5AA9D781D4BCE0300B51652 /* Build configuration list for PBXNativeTarget "CornerJudgeTrainerUITests" */;
			buildPhases = (
				A5AA9D651D4BCE0300B51652 /* Sources */,
				A5AA9D661D4BCE0300B51652 /* Frameworks */,
				A5AA9D671D4BCE0300B51652 /* Resources */,
			);
			buildRules = (
			);
			dependencies = (
				A5AA9D6B1D4BCE0300B51652 /* PBXTargetDependency */,
			);
			name = CornerJudgeTrainerUITests;
			productName = "Corner Judge TrainerUITests";
			productReference = A5AA9D691D4BCE0300B51652 /* CornerJudgeTrainer.xctest */;
			productType = "com.apple.product-type.bundle.ui-testing";
		};
/* End PBXNativeTarget section */

/* Begin PBXProject section */
		A5AA9D421D4BCE0200B51652 /* Project object */ = {
			isa = PBXProject;
			attributes = {
				LastSwiftUpdateCheck = 0730;
				LastUpgradeCheck = 0810;
				ORGANIZATIONNAME = "Maya Saxena";
				TargetAttributes = {
					A5AA9D491D4BCE0200B51652 = {
						CreatedOnToolsVersion = 7.3.1;
						DevelopmentTeam = 2U76RBCGXR;
						LastSwiftMigration = 0800;
					};
					A5AA9D5D1D4BCE0300B51652 = {
						CreatedOnToolsVersion = 7.3.1;
						LastSwiftMigration = 0800;
						TestTargetID = A5AA9D491D4BCE0200B51652;
					};
					A5AA9D681D4BCE0300B51652 = {
						CreatedOnToolsVersion = 7.3.1;
						LastSwiftMigration = 0800;
						TestTargetID = A5AA9D491D4BCE0200B51652;
					};
				};
			};
			buildConfigurationList = A5AA9D451D4BCE0200B51652 /* Build configuration list for PBXProject "CornerJudgeTrainer" */;
			compatibilityVersion = "Xcode 3.2";
			developmentRegion = English;
			hasScannedForEncodings = 0;
			knownRegions = (
				en,
				Base,
			);
			mainGroup = A5AA9D411D4BCE0200B51652;
			productRefGroup = A5AA9D4B1D4BCE0200B51652 /* Products */;
			projectDirPath = "";
			projectRoot = "";
			targets = (
				A5AA9D491D4BCE0200B51652 /* CornerJudgeTrainer */,
				A5AA9D5D1D4BCE0300B51652 /* CornerJudgeTrainerTests */,
				A5AA9D681D4BCE0300B51652 /* CornerJudgeTrainerUITests */,
			);
		};
/* End PBXProject section */

/* Begin PBXResourcesBuildPhase section */
		A5AA9D481D4BCE0200B51652 /* Resources */ = {
			isa = PBXResourcesBuildPhase;
			buildActionMask = 2147483647;
			files = (
				A570D7051E5BC01C00393563 /* AddPlayersViewController.xib in Resources */,
				A570D70D1E5BCEB800393563 /* JoinMatchTableViewCell.xib in Resources */,
				A5AA9D581D4BCE0200B51652 /* LaunchScreen.storyboard in Resources */,
				A5AA9D551D4BCE0200B51652 /* Assets.xcassets in Resources */,
				A5A789FE1D70CDAD0088D983 /* DroidSans.ttf in Resources */,
				A570D7071E5BC69E00393563 /* MatchViewController.xib in Resources */,
				A570D7091E5BCB7300393563 /* JoinMatchViewController.xib in Resources */,
				A5A789FD1D70CDAD0088D983 /* DroidSans-Bold.ttf in Resources */,
				A570D7031E5BBEDC00393563 /* NewMatchViewController.xib in Resources */,
			);
			runOnlyForDeploymentPostprocessing = 0;
		};
		A5AA9D5C1D4BCE0300B51652 /* Resources */ = {
			isa = PBXResourcesBuildPhase;
			buildActionMask = 2147483647;
			files = (
			);
			runOnlyForDeploymentPostprocessing = 0;
		};
		A5AA9D671D4BCE0300B51652 /* Resources */ = {
			isa = PBXResourcesBuildPhase;
			buildActionMask = 2147483647;
			files = (
			);
			runOnlyForDeploymentPostprocessing = 0;
		};
/* End PBXResourcesBuildPhase section */

/* Begin PBXShellScriptBuildPhase section */
		9B7D68598C0B7A4DAA810F5B /* [CP] Check Pods Manifest.lock */ = {
			isa = PBXShellScriptBuildPhase;
			buildActionMask = 2147483647;
			files = (
			);
			inputPaths = (
			);
			name = "[CP] Check Pods Manifest.lock";
			outputPaths = (
			);
			runOnlyForDeploymentPostprocessing = 0;
			shellPath = /bin/sh;
			shellScript = "diff \"${PODS_ROOT}/../Podfile.lock\" \"${PODS_ROOT}/Manifest.lock\" > /dev/null\nif [ $? != 0 ] ; then\n    # print error to STDERR\n    echo \"error: The sandbox is not in sync with the Podfile.lock. Run 'pod install' or update your CocoaPods installation.\" >&2\n    exit 1\nfi\n";
			showEnvVarsInLog = 0;
		};
		A57EE62EEC842DA1A15F4F67 /* [CP] Copy Pods Resources */ = {
			isa = PBXShellScriptBuildPhase;
			buildActionMask = 2147483647;
			files = (
			);
			inputPaths = (
			);
			name = "[CP] Copy Pods Resources";
			outputPaths = (
			);
			runOnlyForDeploymentPostprocessing = 0;
			shellPath = /bin/sh;
			shellScript = "\"${SRCROOT}/Pods/Target Support Files/Pods-CornerJudgeTrainer/Pods-CornerJudgeTrainer-resources.sh\"\n";
			showEnvVarsInLog = 0;
		};
		A58F6A4E1ECF6D6800DBC76F /* Swiftlint */ = {
			isa = PBXShellScriptBuildPhase;
			buildActionMask = 2147483647;
			files = (
			);
			inputPaths = (
			);
			name = Swiftlint;
			outputPaths = (
			);
			runOnlyForDeploymentPostprocessing = 0;
			shellPath = /bin/sh;
			shellScript = "if which swiftlint >/dev/null; then\nswiftlint\nelse\necho \"warning: SwiftLint not installed, download from https://github.com/realm/SwiftLint\"\nfi";
		};
		A59E028D10DA766A6DF9BE25 /* [CP] Embed Pods Frameworks */ = {
			isa = PBXShellScriptBuildPhase;
			buildActionMask = 2147483647;
			files = (
			);
			inputPaths = (
			);
			name = "[CP] Embed Pods Frameworks";
			outputPaths = (
			);
			runOnlyForDeploymentPostprocessing = 0;
			shellPath = /bin/sh;
			shellScript = "\"${SRCROOT}/Pods/Target Support Files/Pods-CornerJudgeTrainer/Pods-CornerJudgeTrainer-frameworks.sh\"\n";
			showEnvVarsInLog = 0;
		};
/* End PBXShellScriptBuildPhase section */

/* Begin PBXSourcesBuildPhase section */
		A5AA9D461D4BCE0200B51652 /* Sources */ = {
			isa = PBXSourcesBuildPhase;
			buildActionMask = 2147483647;
			files = (
				A534B7C91D4BE35C00DBCCBE /* NSDate+Extensions.swift in Sources */,
				A534B7C71D4BDF8400DBCCBE /* NewMatchViewController.swift in Sources */,
				A53C13B01D96E8BC00F3A519 /* Rx+Extensions.swift in Sources */,
				A56C1F0B1E6649610093934B /* MatchManager.swift in Sources */,
				A5A78A081D7238520088D983 /* RadioButton.swift in Sources */,
				A51648FC1E67A50C00CE2CD4 /* Match+Extensions.swift in Sources */,
				A5A789F01D6E79390088D983 /* Event.swift in Sources */,
				A55C385D1E49414F007BA949 /* APIClient.swift in Sources */,
				A5AA9D4E1D4BCE0200B51652 /* AppDelegate.swift in Sources */,
				A5A78A031D70D13E0088D983 /* UIColor+Theme.swift in Sources */,
				A5A78A051D70E1030088D983 /* RoundedButton.swift in Sources */,
				A5A789F41D70B1080088D983 /* AddPlayersViewController.swift in Sources */,
				A58DDE921DE288CF00853604 /* JoinMatchViewController.swift in Sources */,
				A59EF7DE1E7323FB00A1E20E /* UINavigationController+Extensions.swift in Sources */,
				A56C1F0C1E6649610093934B /* RemoteMatchManager.swift in Sources */,
				A56C1F0D1E6649610093934B /* LocalMatchManager.swift in Sources */,
				A4BDE3D31FDC182B00297F7A /* ScoringEvent.swift in Sources */,
				A5A789EE1D6E791F0088D983 /* Player.swift in Sources */,
				A4A478E11FDF5FF3005EFB94 /* StatusUpdate.swift in Sources */,
				A5DFDBA71DE29CD5006BED7E /* JoinMatchTableViewCell.swift in Sources */,
				A58DDE941DE2891800853604 /* JoinMatchViewModel.swift in Sources */,
				A5DFDBAA1DE29D90006BED7E /* JoinMatchTableViewCellViewModel.swift in Sources */,
				A534B7C51D4BDF7500DBCCBE /* MatchViewModel.swift in Sources */,
				A55C38601E4941EB007BA949 /* Request.swift in Sources */,
				A571983C1E8EE6EF00F19197 /* PenaltiesView.swift in Sources */,
				A5A78A0A1D726AFF0088D983 /* NewMatchViewModel.swift in Sources */,
				A570D70F1E5BD24A00393563 /* Match.swift in Sources */,
				A570D70B1E5BCC8B00393563 /* Reusable.swift in Sources */,
				A534B7C21D4BDF6500DBCCBE /* MatchViewController.swift in Sources */,
				A4BDE3D71FDC18DF00297F7A /* ControlEvent.swift in Sources */,
			);
			runOnlyForDeploymentPostprocessing = 0;
		};
		A5AA9D5A1D4BCE0300B51652 /* Sources */ = {
			isa = PBXSourcesBuildPhase;
			buildActionMask = 2147483647;
			files = (
				A4A478E71FDF6634005EFB94 /* Player.swift in Sources */,
				A4A478E61FDF65D2005EFB94 /* StatusUpdate.swift in Sources */,
				A4A478E51FDF6480005EFB94 /* StatusUpdateTests.swift in Sources */,
				A5AA9D631D4BCE0300B51652 /* Corner_Judge_TrainerTests.swift in Sources */,
			);
			runOnlyForDeploymentPostprocessing = 0;
		};
		A5AA9D651D4BCE0300B51652 /* Sources */ = {
			isa = PBXSourcesBuildPhase;
			buildActionMask = 2147483647;
			files = (
				A5AA9D6E1D4BCE0300B51652 /* Corner_Judge_TrainerUITests.swift in Sources */,
			);
			runOnlyForDeploymentPostprocessing = 0;
		};
/* End PBXSourcesBuildPhase section */

/* Begin PBXTargetDependency section */
		A5AA9D601D4BCE0300B51652 /* PBXTargetDependency */ = {
			isa = PBXTargetDependency;
			target = A5AA9D491D4BCE0200B51652 /* CornerJudgeTrainer */;
			targetProxy = A5AA9D5F1D4BCE0300B51652 /* PBXContainerItemProxy */;
		};
		A5AA9D6B1D4BCE0300B51652 /* PBXTargetDependency */ = {
			isa = PBXTargetDependency;
			target = A5AA9D491D4BCE0200B51652 /* CornerJudgeTrainer */;
			targetProxy = A5AA9D6A1D4BCE0300B51652 /* PBXContainerItemProxy */;
		};
/* End PBXTargetDependency section */

/* Begin PBXVariantGroup section */
		A5AA9D561D4BCE0200B51652 /* LaunchScreen.storyboard */ = {
			isa = PBXVariantGroup;
			children = (
				A5AA9D571D4BCE0200B51652 /* Base */,
			);
			name = LaunchScreen.storyboard;
			sourceTree = "<group>";
		};
/* End PBXVariantGroup section */

/* Begin XCBuildConfiguration section */
		A5AA9D701D4BCE0300B51652 /* Debug */ = {
			isa = XCBuildConfiguration;
			buildSettings = {
				ALWAYS_SEARCH_USER_PATHS = NO;
				CLANG_ANALYZER_NONNULL = YES;
				CLANG_CXX_LANGUAGE_STANDARD = "gnu++0x";
				CLANG_CXX_LIBRARY = "libc++";
				CLANG_ENABLE_MODULES = YES;
				CLANG_ENABLE_OBJC_ARC = YES;
				CLANG_WARN_BOOL_CONVERSION = YES;
				CLANG_WARN_CONSTANT_CONVERSION = YES;
				CLANG_WARN_DIRECT_OBJC_ISA_USAGE = YES_ERROR;
				CLANG_WARN_EMPTY_BODY = YES;
				CLANG_WARN_ENUM_CONVERSION = YES;
				CLANG_WARN_INFINITE_RECURSION = YES;
				CLANG_WARN_INT_CONVERSION = YES;
				CLANG_WARN_OBJC_ROOT_CLASS = YES_ERROR;
				CLANG_WARN_SUSPICIOUS_MOVE = YES;
				CLANG_WARN_UNREACHABLE_CODE = YES;
				CLANG_WARN__DUPLICATE_METHOD_MATCH = YES;
				"CODE_SIGN_IDENTITY[sdk=iphoneos*]" = "iPhone Developer";
				COPY_PHASE_STRIP = NO;
				DEBUG_INFORMATION_FORMAT = dwarf;
				ENABLE_STRICT_OBJC_MSGSEND = YES;
				ENABLE_TESTABILITY = YES;
				GCC_C_LANGUAGE_STANDARD = gnu99;
				GCC_DYNAMIC_NO_PIC = NO;
				GCC_NO_COMMON_BLOCKS = YES;
				GCC_OPTIMIZATION_LEVEL = 0;
				GCC_PREPROCESSOR_DEFINITIONS = (
					"DEBUG=1",
					"$(inherited)",
				);
				GCC_WARN_64_TO_32_BIT_CONVERSION = YES;
				GCC_WARN_ABOUT_RETURN_TYPE = YES_ERROR;
				GCC_WARN_UNDECLARED_SELECTOR = YES;
				GCC_WARN_UNINITIALIZED_AUTOS = YES_AGGRESSIVE;
				GCC_WARN_UNUSED_FUNCTION = YES;
				GCC_WARN_UNUSED_VARIABLE = YES;
				IPHONEOS_DEPLOYMENT_TARGET = 9.3;
				MTL_ENABLE_DEBUG_INFO = YES;
				ONLY_ACTIVE_ARCH = YES;
				SDKROOT = iphoneos;
				SWIFT_OPTIMIZATION_LEVEL = "-Onone";
				TARGETED_DEVICE_FAMILY = "1,2";
			};
			name = Debug;
		};
		A5AA9D711D4BCE0300B51652 /* Release */ = {
			isa = XCBuildConfiguration;
			buildSettings = {
				ALWAYS_SEARCH_USER_PATHS = NO;
				CLANG_ANALYZER_NONNULL = YES;
				CLANG_CXX_LANGUAGE_STANDARD = "gnu++0x";
				CLANG_CXX_LIBRARY = "libc++";
				CLANG_ENABLE_MODULES = YES;
				CLANG_ENABLE_OBJC_ARC = YES;
				CLANG_WARN_BOOL_CONVERSION = YES;
				CLANG_WARN_CONSTANT_CONVERSION = YES;
				CLANG_WARN_DIRECT_OBJC_ISA_USAGE = YES_ERROR;
				CLANG_WARN_EMPTY_BODY = YES;
				CLANG_WARN_ENUM_CONVERSION = YES;
				CLANG_WARN_INFINITE_RECURSION = YES;
				CLANG_WARN_INT_CONVERSION = YES;
				CLANG_WARN_OBJC_ROOT_CLASS = YES_ERROR;
				CLANG_WARN_SUSPICIOUS_MOVE = YES;
				CLANG_WARN_UNREACHABLE_CODE = YES;
				CLANG_WARN__DUPLICATE_METHOD_MATCH = YES;
				"CODE_SIGN_IDENTITY[sdk=iphoneos*]" = "iPhone Developer";
				COPY_PHASE_STRIP = NO;
				DEBUG_INFORMATION_FORMAT = "dwarf-with-dsym";
				ENABLE_NS_ASSERTIONS = NO;
				ENABLE_STRICT_OBJC_MSGSEND = YES;
				GCC_C_LANGUAGE_STANDARD = gnu99;
				GCC_NO_COMMON_BLOCKS = YES;
				GCC_WARN_64_TO_32_BIT_CONVERSION = YES;
				GCC_WARN_ABOUT_RETURN_TYPE = YES_ERROR;
				GCC_WARN_UNDECLARED_SELECTOR = YES;
				GCC_WARN_UNINITIALIZED_AUTOS = YES_AGGRESSIVE;
				GCC_WARN_UNUSED_FUNCTION = YES;
				GCC_WARN_UNUSED_VARIABLE = YES;
				IPHONEOS_DEPLOYMENT_TARGET = 9.3;
				MTL_ENABLE_DEBUG_INFO = NO;
				SDKROOT = iphoneos;
				SWIFT_OPTIMIZATION_LEVEL = "-Owholemodule";
				TARGETED_DEVICE_FAMILY = "1,2";
				VALIDATE_PRODUCT = YES;
			};
			name = Release;
		};
		A5AA9D731D4BCE0300B51652 /* Debug */ = {
			isa = XCBuildConfiguration;
			baseConfigurationReference = AC35276D214616801430A862 /* Pods-CornerJudgeTrainer.debug.xcconfig */;
			buildSettings = {
				ALWAYS_EMBED_SWIFT_STANDARD_LIBRARIES = YES;
				ASSETCATALOG_COMPILER_APPICON_NAME = AppIcon;
				DEVELOPMENT_TEAM = 2U76RBCGXR;
				INFOPLIST_FILE = "Corner Judge Trainer/Info.plist";
				IPHONEOS_DEPLOYMENT_TARGET = 9.0;
				LD_RUNPATH_SEARCH_PATHS = "$(inherited) @executable_path/Frameworks";
				PRODUCT_BUNDLE_IDENTIFIER = "edu.tufts.taekwondo.Corner-Judge-Trainer";
				PRODUCT_NAME = Corner;
				SWIFT_VERSION = 3.0;
			};
			name = Debug;
		};
		A5AA9D741D4BCE0300B51652 /* Release */ = {
			isa = XCBuildConfiguration;
			baseConfigurationReference = B131864CCC90BBDFB4D6461C /* Pods-CornerJudgeTrainer.release.xcconfig */;
			buildSettings = {
				ALWAYS_EMBED_SWIFT_STANDARD_LIBRARIES = YES;
				ASSETCATALOG_COMPILER_APPICON_NAME = AppIcon;
				DEVELOPMENT_TEAM = 2U76RBCGXR;
				INFOPLIST_FILE = "Corner Judge Trainer/Info.plist";
				IPHONEOS_DEPLOYMENT_TARGET = 9.0;
				LD_RUNPATH_SEARCH_PATHS = "$(inherited) @executable_path/Frameworks";
				PRODUCT_BUNDLE_IDENTIFIER = "edu.tufts.taekwondo.Corner-Judge-Trainer";
				PRODUCT_NAME = Corner;
				SWIFT_VERSION = 3.0;
			};
			name = Release;
		};
		A5AA9D761D4BCE0300B51652 /* Debug */ = {
			isa = XCBuildConfiguration;
			buildSettings = {
				INFOPLIST_FILE = "Corner Judge TrainerTests/Info.plist";
				LD_RUNPATH_SEARCH_PATHS = "$(inherited) @executable_path/Frameworks @loader_path/Frameworks";
				PRODUCT_BUNDLE_IDENTIFIER = "edu.tufts.taekwondo.Corner-Judge-TrainerTests";
				PRODUCT_NAME = CornerJudgeTrainer;
				SWIFT_VERSION = 3.0;
				TEST_HOST = "$(BUILT_PRODUCTS_DIR)/Corner.app/Corner";
			};
			name = Debug;
		};
		A5AA9D771D4BCE0300B51652 /* Release */ = {
			isa = XCBuildConfiguration;
			buildSettings = {
				INFOPLIST_FILE = "Corner Judge TrainerTests/Info.plist";
				LD_RUNPATH_SEARCH_PATHS = "$(inherited) @executable_path/Frameworks @loader_path/Frameworks";
				PRODUCT_BUNDLE_IDENTIFIER = "edu.tufts.taekwondo.Corner-Judge-TrainerTests";
				PRODUCT_NAME = CornerJudgeTrainer;
				SWIFT_VERSION = 3.0;
				TEST_HOST = "$(BUILT_PRODUCTS_DIR)/Corner.app/Corner";
			};
			name = Release;
		};
		A5AA9D791D4BCE0300B51652 /* Debug */ = {
			isa = XCBuildConfiguration;
			buildSettings = {
				INFOPLIST_FILE = "Corner Judge TrainerUITests/Info.plist";
				LD_RUNPATH_SEARCH_PATHS = "$(inherited) @executable_path/Frameworks @loader_path/Frameworks";
				PRODUCT_BUNDLE_IDENTIFIER = "edu.tufts.taekwondo.Corner-Judge-TrainerUITests";
				PRODUCT_NAME = CornerJudgeTrainer;
				PROVISIONING_PROFILE = "";
				SWIFT_VERSION = 3.0;
				TEST_TARGET_NAME = CornerJudgeTrainer;
			};
			name = Debug;
		};
		A5AA9D7A1D4BCE0300B51652 /* Release */ = {
			isa = XCBuildConfiguration;
			buildSettings = {
				INFOPLIST_FILE = "Corner Judge TrainerUITests/Info.plist";
				LD_RUNPATH_SEARCH_PATHS = "$(inherited) @executable_path/Frameworks @loader_path/Frameworks";
				PRODUCT_BUNDLE_IDENTIFIER = "edu.tufts.taekwondo.Corner-Judge-TrainerUITests";
				PRODUCT_NAME = CornerJudgeTrainer;
				PROVISIONING_PROFILE = "";
				SWIFT_VERSION = 3.0;
				TEST_TARGET_NAME = CornerJudgeTrainer;
			};
			name = Release;
		};
/* End XCBuildConfiguration section */

/* Begin XCConfigurationList section */
		A5AA9D451D4BCE0200B51652 /* Build configuration list for PBXProject "CornerJudgeTrainer" */ = {
			isa = XCConfigurationList;
			buildConfigurations = (
				A5AA9D701D4BCE0300B51652 /* Debug */,
				A5AA9D711D4BCE0300B51652 /* Release */,
			);
			defaultConfigurationIsVisible = 0;
			defaultConfigurationName = Release;
		};
		A5AA9D721D4BCE0300B51652 /* Build configuration list for PBXNativeTarget "CornerJudgeTrainer" */ = {
			isa = XCConfigurationList;
			buildConfigurations = (
				A5AA9D731D4BCE0300B51652 /* Debug */,
				A5AA9D741D4BCE0300B51652 /* Release */,
			);
			defaultConfigurationIsVisible = 0;
			defaultConfigurationName = Release;
		};
		A5AA9D751D4BCE0300B51652 /* Build configuration list for PBXNativeTarget "CornerJudgeTrainerTests" */ = {
			isa = XCConfigurationList;
			buildConfigurations = (
				A5AA9D761D4BCE0300B51652 /* Debug */,
				A5AA9D771D4BCE0300B51652 /* Release */,
			);
			defaultConfigurationIsVisible = 0;
			defaultConfigurationName = Release;
		};
		A5AA9D781D4BCE0300B51652 /* Build configuration list for PBXNativeTarget "CornerJudgeTrainerUITests" */ = {
			isa = XCConfigurationList;
			buildConfigurations = (
				A5AA9D791D4BCE0300B51652 /* Debug */,
				A5AA9D7A1D4BCE0300B51652 /* Release */,
			);
			defaultConfigurationIsVisible = 0;
			defaultConfigurationName = Release;
		};
/* End XCConfigurationList section */
	};
	rootObject = A5AA9D421D4BCE0200B51652 /* Project object */;
}
